
Microsoft Visual Studio Solution File, Format Version 12.00
# Visual Studio 15
VisualStudioVersion = 15.0.27428.2037
MinimumVisualStudioVersion = 10.0.40219.1
Project("{FAE04EC0-301F-11D3-BF4B-00C04F79EFBC}") = "1_Basic C.sharp", "1_Basic C.sharp\1_Basic C.sharp.csproj", "{31A7BE8A-2E71-4C70-824F-2C92622C5068}"
EndProject
Global
	GlobalSection(SolutionConfigurationPlatforms) = preSolution
		Debug|Any CPU = Debug|Any CPU
		Release|Any CPU = Release|Any CPU
	EndGlobalSection
	GlobalSection(ProjectConfigurationPlatforms) = postSolution
		{31A7BE8A-2E71-4C70-824F-2C92622C5068}.Debug|Any CPU.ActiveCfg = Debug|Any CPU
		{31A7BE8A-2E71-4C70-824F-2C92622C5068}.Debug|Any CPU.Build.0 = Debug|Any CPU
		{31A7BE8A-2E71-4C70-824F-2C92622C5068}.Release|Any CPU.ActiveCfg = Release|Any CPU
		{31A7BE8A-2E71-4C70-824F-2C92622C5068}.Release|Any CPU.Build.0 = Release|Any CPU
	EndGlobalSection
	GlobalSection(SolutionProperties) = preSolution
		HideSolutionNode = FALSE
	EndGlobalSection
	GlobalSection(ExtensibilityGlobals) = postSolution
		SolutionGuid = {A65653EB-A850-40A1-9395-5915589FB90A}
	EndGlobalSection
EndGlobal
